
Microsoft Visual Studio Solution File, Format Version 12.00
# Visual Studio Version 16
VisualStudioVersion = 16.0.30225.117
MinimumVisualStudioVersion = 10.0.40219.1
Project("{FAE04EC0-301F-11D3-BF4B-00C04F79EFBC}") = "HrMatching_HW", "HrMatching_HW\HrMatching_HW.csproj", "{C206535B-C87B-4777-A04A-1E2BBC40D98B}"
EndProject
Global
	GlobalSection(SolutionConfigurationPlatforms) = preSolution
		Debug|Any CPU = Debug|Any CPU
		Release|Any CPU = Release|Any CPU
	EndGlobalSection
	GlobalSection(ProjectConfigurationPlatforms) = postSolution
		{C206535B-C87B-4777-A04A-1E2BBC40D98B}.Debug|Any CPU.ActiveCfg = Debug|Any CPU
		{C206535B-C87B-4777-A04A-1E2BBC40D98B}.Debug|Any CPU.Build.0 = Debug|Any CPU
		{C206535B-C87B-4777-A04A-1E2BBC40D98B}.Release|Any CPU.ActiveCfg = Release|Any CPU
		{C206535B-C87B-4777-A04A-1E2BBC40D98B}.Release|Any CPU.Build.0 = Release|Any CPU
	EndGlobalSection
	GlobalSection(SolutionProperties) = preSolution
		HideSolutionNode = FALSE
	EndGlobalSection
	GlobalSection(ExtensibilityGlobals) = postSolution
		SolutionGuid = {31FEE70D-22C5-4BC3-B2C3-463A17DE2868}
	EndGlobalSection
EndGlobal
